
Microsoft Visual Studio Solution File, Format Version 12.00
# Visual Studio Version 17
VisualStudioVersion = 17.8.34525.116
MinimumVisualStudioVersion = 10.0.40219.1
Project("{9A19103F-16F7-4668-BE54-9A1E7A4F7556}") = "FloydAlg", "FloydAlg\FloydAlg.csproj", "{A335F215-7F12-4D69-AB44-4A65F20D0339}"
EndProject
Global
	GlobalSection(SolutionConfigurationPlatforms) = preSolution
		Debug|Any CPU = Debug|Any CPU
		Release|Any CPU = Release|Any CPU
	EndGlobalSection
	GlobalSection(ProjectConfigurationPlatforms) = postSolution
		{A335F215-7F12-4D69-AB44-4A65F20D0339}.Debug|Any CPU.ActiveCfg = Debug|Any CPU
		{A335F215-7F12-4D69-AB44-4A65F20D0339}.Debug|Any CPU.Build.0 = Debug|Any CPU
		{A335F215-7F12-4D69-AB44-4A65F20D0339}.Release|Any CPU.ActiveCfg = Release|Any CPU
		{A335F215-7F12-4D69-AB44-4A65F20D0339}.Release|Any CPU.Build.0 = Release|Any CPU
	EndGlobalSection
	GlobalSection(SolutionProperties) = preSolution
		HideSolutionNode = FALSE
	EndGlobalSection
	GlobalSection(ExtensibilityGlobals) = postSolution
		SolutionGuid = {59B59A9B-121D-4403-AD30-7EA63EC523E3}
	EndGlobalSection
EndGlobal
